version = 1
revision = 3
requires-python = ">=3.14"

[[package]]
name = "asgiref"
version = "3.10.0"
source = { registry = "https://pypi.org/simple" }
sdist = { url = "https://files.pythonhosted.org/packages/46/08/4dfec9b90758a59acc6be32ac82e98d1fbfc321cb5cfa410436dbacf821c/asgiref-3.10.0.tar.gz", hash = "sha256:d89f2d8cd8b56dada7d52fa7dc8075baa08fb836560710d38c292a7a3f78c04e", size = 37483, upload-time = "2025-10-05T09:15:06.557Z" }
wheels = [
    { url = "https://files.pythonhosted.org/packages/17/9c/fc2331f538fbf7eedba64b2052e99ccf9ba9d6888e2f41441ee28847004b/asgiref-3.10.0-py3-none-any.whl", hash = "sha256:aef8a81283a34d0ab31630c9b7dfe70c812c95eba78171367ca8745e88124734", size = 24050, upload-time = "2025-10-05T09:15:05.11Z" },
]

[[package]]
name = "click"
version = "8.3.1"
source = { registry = "https://pypi.org/simple" }
dependencies = [
    { name = "colorama", marker = "sys_platform == 'win32'" },
]
sdist = { url = "https://files.pythonhosted.org/packages/3d/fa/656b739db8587d7b5dfa22e22ed02566950fbfbcdc20311993483657a5c0/click-8.3.1.tar.gz", hash = "sha256:12ff4785d337a1bb490bb7e9c2b1ee5da3112e94a8622f26a6c77f5d2fc6842a", size = 295065, upload-time = "2025-11-15T20:45:42.706Z" }
wheels = [
    { url = "https://files.pythonhosted.org/packages/98/78/01c019cdb5d6498122777c1a43056ebb3ebfeef2076d9d026bfe15583b2b/click-8.3.1-py3-none-any.whl", hash = "sha256:981153a64e25f12d547d3426c367a4857371575ee7ad18df2a6183ab0545b2a6", size = 108274, upload-time = "2025-11-15T20:45:41.139Z" },
]

[[package]]
name = "colorama"
version = "0.4.6"
source = { registry = "https://pypi.org/simple" }
sdist = { url = "https://files.pythonhosted.org/packages/d8/53/6f443c9a4a8358a93a6792e2acffb9d9d5cb0a5cfd8802644b7b1c9a02e4/colorama-0.4.6.tar.gz", hash = "sha256:08695f5cb7ed6e0531a20572697297273c47b8cae5a63ffc6d6ed5c201be6e44", size = 27697, upload-time = "2022-10-25T02:36:22.414Z" }
wheels = [
    { url = "https://files.pythonhosted.org/packages/d1/d6/3965ed04c63042e047cb6a3e6ed1a63a35087b6a609aa3a15ed8ac56c221/colorama-0.4.6-py2.py3-none-any.whl", hash = "sha256:4f1d9991f5acc0ca119f9d443620b77f9d6b33703e51011c16baf57afb285fc6", size = 25335, upload-time = "2022-10-25T02:36:20.889Z" },
]

[[package]]
name = "cssbeautifier"
version = "1.15.4"
source = { registry = "https://pypi.org/simple" }
dependencies = [
    { name = "editorconfig" },
    { name = "jsbeautifier" },
    { name = "six" },
]
sdist = { url = "https://files.pythonhosted.org/packages/f7/01/fdf41c1e5f93d359681976ba10410a04b299d248e28ecce1d4e88588dde4/cssbeautifier-1.15.4.tar.gz", hash = "sha256:9bb08dc3f64c101a01677f128acf01905914cf406baf87434dcde05b74c0acf5", size = 25376, upload-time = "2025-02-27T17:53:51.341Z" }
wheels = [
    { url = "https://files.pythonhosted.org/packages/63/51/ef6c5628e46092f0a54c7cee69acc827adc6b6aab57b55d344fefbdf28f1/cssbeautifier-1.15.4-py3-none-any.whl", hash = "sha256:78c84d5e5378df7d08622bbd0477a1abdbd209680e95480bf22f12d5701efc98", size = 123667, upload-time = "2025-02-27T17:53:43.594Z" },
]

[[package]]
name = "django"
version = "5.2.8"
source = { registry = "https://pypi.org/simple" }
dependencies = [
    { name = "asgiref" },
    { name = "sqlparse" },
    { name = "tzdata", marker = "sys_platform == 'win32'" },
]
sdist = { url = "https://files.pythonhosted.org/packages/05/a2/933dbbb3dd9990494960f6e64aca2af4c0745b63b7113f59a822df92329e/django-5.2.8.tar.gz", hash = "sha256:23254866a5bb9a2cfa6004e8b809ec6246eba4b58a7589bc2772f1bcc8456c7f", size = 10849032, upload-time = "2025-11-05T14:07:32.778Z" }
wheels = [
    { url = "https://files.pythonhosted.org/packages/5e/3d/a035a4ee9b1d4d4beee2ae6e8e12fe6dee5514b21f62504e22efcbd9fb46/django-5.2.8-py3-none-any.whl", hash = "sha256:37e687f7bd73ddf043e2b6b97cfe02fcbb11f2dbb3adccc6a2b18c6daa054d7f", size = 8289692, upload-time = "2025-11-05T14:07:28.761Z" },
]

[[package]]
name = "django-playground"
version = "0.1.0"
source = { virtual = "." }
dependencies = [
    { name = "django" },
]

[package.dev-dependencies]
check = [
    { name = "djlint" },
]

[package.metadata]
requires-dist = [{ name = "django", specifier = ">=5.2.8" }]

[package.metadata.requires-dev]
check = [{ name = "djlint", specifier = ">=1.36.4" }]

[[package]]
name = "djlint"
version = "1.36.4"
source = { registry = "https://pypi.org/simple" }
dependencies = [
    { name = "click" },
    { name = "colorama" },
    { name = "cssbeautifier" },
    { name = "jsbeautifier" },
    { name = "json5" },
    { name = "pathspec" },
    { name = "pyyaml" },
    { name = "regex" },
    { name = "tqdm" },
]
sdist = { url = "https://files.pythonhosted.org/packages/74/89/ecf5be9f5c59a0c53bcaa29671742c5e269cc7d0e2622e3f65f41df251bf/djlint-1.36.4.tar.gz", hash = "sha256:17254f218b46fe5a714b224c85074c099bcb74e3b2e1f15c2ddc2cf415a408a1", size = 47849, upload-time = "2024-12-24T13:06:36.36Z" }
wheels = [
    { url = "https://files.pythonhosted.org/packages/4b/67/f7aeea9be6fb3bd984487af8d0d80225a0b1e5f6f7126e3332d349fb13fe/djlint-1.36.4-py3-none-any.whl", hash = "sha256:e9699b8ac3057a6ed04fb90835b89bee954ed1959c01541ce4f8f729c938afdd", size = 52290, upload-time = "2024-12-24T13:06:33.76Z" },
]

[[package]]
name = "editorconfig"
version = "0.17.1"
source = { registry = "https://pypi.org/simple" }
sdist = { url = "https://files.pythonhosted.org/packages/88/3a/a61d9a1f319a186b05d14df17daea42fcddea63c213bcd61a929fb3a6796/editorconfig-0.17.1.tar.gz", hash = "sha256:23c08b00e8e08cc3adcddb825251c497478df1dada6aefeb01e626ad37303745", size = 14695, upload-time = "2025-06-09T08:21:37.097Z" }
wheels = [
    { url = "https://files.pythonhosted.org/packages/96/fd/a40c621ff207f3ce8e484aa0fc8ba4eb6e3ecf52e15b42ba764b457a9550/editorconfig-0.17.1-py3-none-any.whl", hash = "sha256:1eda9c2c0db8c16dbd50111b710572a5e6de934e39772de1959d41f64fc17c82", size = 16360, upload-time = "2025-06-09T08:21:35.654Z" },
]

[[package]]
name = "jsbeautifier"
version = "1.15.4"
source = { registry = "https://pypi.org/simple" }
dependencies = [
    { name = "editorconfig" },
    { name = "six" },
]
sdist = { url = "https://files.pythonhosted.org/packages/ea/98/d6cadf4d5a1c03b2136837a435682418c29fdeb66be137128544cecc5b7a/jsbeautifier-1.15.4.tar.gz", hash = "sha256:5bb18d9efb9331d825735fbc5360ee8f1aac5e52780042803943aa7f854f7592", size = 75257, upload-time = "2025-02-27T17:53:53.252Z" }
wheels = [
    { url = "https://files.pythonhosted.org/packages/2d/14/1c65fccf8413d5f5c6e8425f84675169654395098000d8bddc4e9d3390e1/jsbeautifier-1.15.4-py3-none-any.whl", hash = "sha256:72f65de312a3f10900d7685557f84cb61a9733c50dcc27271a39f5b0051bf528", size = 94707, upload-time = "2025-02-27T17:53:46.152Z" },
]

[[package]]
name = "json5"
version = "0.12.1"
source = { registry = "https://pypi.org/simple" }
sdist = { url = "https://files.pythonhosted.org/packages/12/ae/929aee9619e9eba9015207a9d2c1c54db18311da7eb4dcf6d41ad6f0eb67/json5-0.12.1.tar.gz", hash = "sha256:b2743e77b3242f8d03c143dd975a6ec7c52e2f2afe76ed934e53503dd4ad4990", size = 52191, upload-time = "2025-08-12T19:47:42.583Z" }
wheels = [
    { url = "https://files.pythonhosted.org/packages/85/e2/05328bd2621be49a6fed9e3030b1e51a2d04537d3f816d211b9cc53c5262/json5-0.12.1-py3-none-any.whl", hash = "sha256:d9c9b3bc34a5f54d43c35e11ef7cb87d8bdd098c6ace87117a7b7e83e705c1d5", size = 36119, upload-time = "2025-08-12T19:47:41.131Z" },
]

[[package]]
name = "pathspec"
version = "0.12.1"
source = { registry = "https://pypi.org/simple" }
sdist = { url = "https://files.pythonhosted.org/packages/ca/bc/f35b8446f4531a7cb215605d100cd88b7ac6f44ab3fc94870c120ab3adbf/pathspec-0.12.1.tar.gz", hash = "sha256:a482d51503a1ab33b1c67a6c3813a26953dbdc71c31dacaef9a838c4e29f5712", size = 51043, upload-time = "2023-12-10T22:30:45Z" }
wheels = [
    { url = "https://files.pythonhosted.org/packages/cc/20/ff623b09d963f88bfde16306a54e12ee5ea43e9b597108672ff3a408aad6/pathspec-0.12.1-py3-none-any.whl", hash = "sha256:a0d503e138a4c123b27490a4f7beda6a01c6f288df0e4a8b79c7eb0dc7b4cc08", size = 31191, upload-time = "2023-12-10T22:30:43.14Z" },
]

[[package]]
name = "pyyaml"
version = "6.0.3"
source = { registry = "https://pypi.org/simple" }
sdist = { url = "https://files.pythonhosted.org/packages/05/8e/961c0007c59b8dd7729d542c61a4d537767a59645b82a0b521206e1e25c2/pyyaml-6.0.3.tar.gz", hash = "sha256:d76623373421df22fb4cf8817020cbb7ef15c725b9d5e45f17e189bfc384190f", size = 130960, upload-time = "2025-09-25T21:33:16.546Z" }
wheels = [
    { url = "https://files.pythonhosted.org/packages/9d/8c/f4bd7f6465179953d3ac9bc44ac1a8a3e6122cf8ada906b4f96c60172d43/pyyaml-6.0.3-cp314-cp314-macosx_10_13_x86_64.whl", hash = "sha256:8d1fab6bb153a416f9aeb4b8763bc0f22a5586065f86f7664fc23339fc1c1fac", size = 181814, upload-time = "2025-09-25T21:32:35.712Z" },
    { url = "https://files.pythonhosted.org/packages/bd/9c/4d95bb87eb2063d20db7b60faa3840c1b18025517ae857371c4dd55a6b3a/pyyaml-6.0.3-cp314-cp314-macosx_11_0_arm64.whl", hash = "sha256:34d5fcd24b8445fadc33f9cf348c1047101756fd760b4dacb5c3e99755703310", size = 173809, upload-time = "2025-09-25T21:32:36.789Z" },
    { url = "https://files.pythonhosted.org/packages/92/b5/47e807c2623074914e29dabd16cbbdd4bf5e9b2db9f8090fa64411fc5382/pyyaml-6.0.3-cp314-cp314-manylinux2014_aarch64.manylinux_2_17_aarch64.manylinux_2_28_aarch64.whl", hash = "sha256:501a031947e3a9025ed4405a168e6ef5ae3126c59f90ce0cd6f2bfc477be31b7", size = 766454, upload-time = "2025-09-25T21:32:37.966Z" },
    { url = "https://files.pythonhosted.org/packages/02/9e/e5e9b168be58564121efb3de6859c452fccde0ab093d8438905899a3a483/pyyaml-6.0.3-cp314-cp314-manylinux2014_s390x.manylinux_2_17_s390x.manylinux_2_28_s390x.whl", hash = "sha256:b3bc83488de33889877a0f2543ade9f70c67d66d9ebb4ac959502e12de895788", size = 836355, upload-time = "2025-09-25T21:32:39.178Z" },
    { url = "https://files.pythonhosted.org/packages/88/f9/16491d7ed2a919954993e48aa941b200f38040928474c9e85ea9e64222c3/pyyaml-6.0.3-cp314-cp314-manylinux2014_x86_64.manylinux_2_17_x86_64.manylinux_2_28_x86_64.whl", hash = "sha256:c458b6d084f9b935061bc36216e8a69a7e293a2f1e68bf956dcd9e6cbcd143f5", size = 794175, upload-time = "2025-09-25T21:32:40.865Z" },
    { url = "https://files.pythonhosted.org/packages/dd/3f/5989debef34dc6397317802b527dbbafb2b4760878a53d4166579111411e/pyyaml-6.0.3-cp314-cp314-musllinux_1_2_aarch64.whl", hash = "sha256:7c6610def4f163542a622a73fb39f534f8c101d690126992300bf3207eab9764", size = 755228, upload-time = "2025-09-25T21:32:42.084Z" },
    { url = "https://files.pythonhosted.org/packages/d7/ce/af88a49043cd2e265be63d083fc75b27b6ed062f5f9fd6cdc223ad62f03e/pyyaml-6.0.3-cp314-cp314-musllinux_1_2_x86_64.whl", hash = "sha256:5190d403f121660ce8d1d2c1bb2ef1bd05b5f68533fc5c2ea899bd15f4399b35", size = 789194, upload-time = "2025-09-25T21:32:43.362Z" },
    { url = "https://files.pythonhosted.org/packages/23/20/bb6982b26a40bb43951265ba29d4c246ef0ff59c9fdcdf0ed04e0687de4d/pyyaml-6.0.3-cp314-cp314-win_amd64.whl", hash = "sha256:4a2e8cebe2ff6ab7d1050ecd59c25d4c8bd7e6f400f5f82b96557ac0abafd0ac", size = 156429, upload-time = "2025-09-25T21:32:57.844Z" },
    { url = "https://files.pythonhosted.org/packages/f4/f4/a4541072bb9422c8a883ab55255f918fa378ecf083f5b85e87fc2b4eda1b/pyyaml-6.0.3-cp314-cp314-win_arm64.whl", hash = "sha256:93dda82c9c22deb0a405ea4dc5f2d0cda384168e466364dec6255b293923b2f3", size = 143912, upload-time = "2025-09-25T21:32:59.247Z" },
    { url = "https://files.pythonhosted.org/packages/7c/f9/07dd09ae774e4616edf6cda684ee78f97777bdd15847253637a6f052a62f/pyyaml-6.0.3-cp314-cp314t-macosx_10_13_x86_64.whl", hash = "sha256:02893d100e99e03eda1c8fd5c441d8c60103fd175728e23e431db1b589cf5ab3", size = 189108, upload-time = "2025-09-25T21:32:44.377Z" },
    { url = "https://files.pythonhosted.org/packages/4e/78/8d08c9fb7ce09ad8c38ad533c1191cf27f7ae1effe5bb9400a46d9437fcf/pyyaml-6.0.3-cp314-cp314t-macosx_11_0_arm64.whl", hash = "sha256:c1ff362665ae507275af2853520967820d9124984e0f7466736aea23d8611fba", size = 183641, upload-time = "2025-09-25T21:32:45.407Z" },
    { url = "https://files.pythonhosted.org/packages/7b/5b/3babb19104a46945cf816d047db2788bcaf8c94527a805610b0289a01c6b/pyyaml-6.0.3-cp314-cp314t-manylinux2014_aarch64.manylinux_2_17_aarch64.manylinux_2_28_aarch64.whl", hash = "sha256:6adc77889b628398debc7b65c073bcb99c4a0237b248cacaf3fe8a557563ef6c", size = 831901, upload-time = "2025-09-25T21:32:48.83Z" },
    { url = "https://files.pythonhosted.org/packages/8b/cc/dff0684d8dc44da4d22a13f35f073d558c268780ce3c6ba1b87055bb0b87/pyyaml-6.0.3-cp314-cp314t-manylinux2014_s390x.manylinux_2_17_s390x.manylinux_2_28_s390x.whl", hash = "sha256:a80cb027f6b349846a3bf6d73b5e95e782175e52f22108cfa17876aaeff93702", size = 861132, upload-time = "2025-09-25T21:32:50.149Z" },
    { url = "https://files.pythonhosted.org/packages/b1/5e/f77dc6b9036943e285ba76b49e118d9ea929885becb0a29ba8a7c75e29fe/pyyaml-6.0.3-cp314-cp314t-manylinux2014_x86_64.manylinux_2_17_x86_64.manylinux_2_28_x86_64.whl", hash = "sha256:00c4bdeba853cc34e7dd471f16b4114f4162dc03e6b7afcc2128711f0eca823c", size = 839261, upload-time = "2025-09-25T21:32:51.808Z" },
    { url = "https://files.pythonhosted.org/packages/ce/88/a9db1376aa2a228197c58b37302f284b5617f56a5d959fd1763fb1675ce6/pyyaml-6.0.3-cp314-cp314t-musllinux_1_2_aarch64.whl", hash = "sha256:66e1674c3ef6f541c35191caae2d429b967b99e02040f5ba928632d9a7f0f065", size = 805272, upload-time = "2025-09-25T21:32:52.941Z" },
    { url = "https://files.pythonhosted.org/packages/da/92/1446574745d74df0c92e6aa4a7b0b3130706a4142b2d1a5869f2eaa423c6/pyyaml-6.0.3-cp314-cp314t-musllinux_1_2_x86_64.whl", hash = "sha256:16249ee61e95f858e83976573de0f5b2893b3677ba71c9dd36b9cf8be9ac6d65", size = 829923, upload-time = "2025-09-25T21:32:54.537Z" },
    { url = "https://files.pythonhosted.org/packages/f0/7a/1c7270340330e575b92f397352af856a8c06f230aa3e76f86b39d01b416a/pyyaml-6.0.3-cp314-cp314t-win_amd64.whl", hash = "sha256:4ad1906908f2f5ae4e5a8ddfce73c320c2a1429ec52eafd27138b7f1cbe341c9", size = 174062, upload-time = "2025-09-25T21:32:55.767Z" },
    { url = "https://files.pythonhosted.org/packages/f1/12/de94a39c2ef588c7e6455cfbe7343d3b2dc9d6b6b2f40c4c6565744c873d/pyyaml-6.0.3-cp314-cp314t-win_arm64.whl", hash = "sha256:ebc55a14a21cb14062aa4162f906cd962b28e2e9ea38f9b4391244cd8de4ae0b", size = 149341, upload-time = "2025-09-25T21:32:56.828Z" },
]

[[package]]
name = "regex"
version = "2025.11.3"
source = { registry = "https://pypi.org/simple" }
sdist = { url = "https://files.pythonhosted.org/packages/cc/a9/546676f25e573a4cf00fe8e119b78a37b6a8fe2dc95cda877b30889c9c45/regex-2025.11.3.tar.gz", hash = "sha256:1fedc720f9bb2494ce31a58a1631f9c82df6a09b49c19517ea5cc280b4541e01", size = 414669, upload-time = "2025-11-03T21:34:22.089Z" }
wheels = [
    { url = "https://files.pythonhosted.org/packages/31/e9/f6e13de7e0983837f7b6d238ad9458800a874bf37c264f7923e63409944c/regex-2025.11.3-cp314-cp314-macosx_10_13_universal2.whl", hash = "sha256:9697a52e57576c83139d7c6f213d64485d3df5bf84807c35fa409e6c970801c6", size = 489089, upload-time = "2025-11-03T21:32:50.027Z" },
    { url = "https://files.pythonhosted.org/packages/a3/5c/261f4a262f1fa65141c1b74b255988bd2fa020cc599e53b080667d591cfc/regex-2025.11.3-cp314-cp314-macosx_10_13_x86_64.whl", hash = "sha256:e18bc3f73bd41243c9b38a6d9f2366cd0e0137a9aebe2d8ff76c5b67d4c0a3f4", size = 291059, upload-time = "2025-11-03T21:32:51.682Z" },
    { url = "https://files.pythonhosted.org/packages/8e/57/f14eeb7f072b0e9a5a090d1712741fd8f214ec193dba773cf5410108bb7d/regex-2025.11.3-cp314-cp314-macosx_11_0_arm64.whl", hash = "sha256:61a08bcb0ec14ff4e0ed2044aad948d0659604f824cbd50b55e30b0ec6f09c73", size = 288900, upload-time = "2025-11-03T21:32:53.569Z" },
    { url = "https://files.pythonhosted.org/packages/3c/6b/1d650c45e99a9b327586739d926a1cd4e94666b1bd4af90428b36af66dc7/regex-2025.11.3-cp314-cp314-manylinux2014_aarch64.manylinux_2_17_aarch64.manylinux_2_28_aarch64.whl", hash = "sha256:c9c30003b9347c24bcc210958c5d167b9e4f9be786cb380a7d32f14f9b84674f", size = 799010, upload-time = "2025-11-03T21:32:55.222Z" },
    { url = "https://files.pythonhosted.org/packages/99/ee/d66dcbc6b628ce4e3f7f0cbbb84603aa2fc0ffc878babc857726b8aab2e9/regex-2025.11.3-cp314-cp314-manylinux2014_ppc64le.manylinux_2_17_ppc64le.manylinux_2_28_ppc64le.whl", hash = "sha256:4e1e592789704459900728d88d41a46fe3969b82ab62945560a31732ffc19a6d", size = 864893, upload-time = "2025-11-03T21:32:57.239Z" },
    { url = "https://files.pythonhosted.org/packages/bf/2d/f238229f1caba7ac87a6c4153d79947fb0261415827ae0f77c304260c7d3/regex-2025.11.3-cp314-cp314-manylinux2014_s390x.manylinux_2_17_s390x.manylinux_2_28_s390x.whl", hash = "sha256:6538241f45eb5a25aa575dbba1069ad786f68a4f2773a29a2bd3dd1f9de787be", size = 911522, upload-time = "2025-11-03T21:32:59.274Z" },
    { url = "https://files.pythonhosted.org/packages/bd/3d/22a4eaba214a917c80e04f6025d26143690f0419511e0116508e24b11c9b/regex-2025.11.3-cp314-cp314-manylinux2014_x86_64.manylinux_2_17_x86_64.manylinux_2_28_x86_64.whl", hash = "sha256:bce22519c989bb72a7e6b36a199384c53db7722fe669ba891da75907fe3587db", size = 803272, upload-time = "2025-11-03T21:33:01.393Z" },
    { url = "https://files.pythonhosted.org/packages/84/b1/03188f634a409353a84b5ef49754b97dbcc0c0f6fd6c8ede505a8960a0a4/regex-2025.11.3-cp314-cp314-musllinux_1_2_aarch64.whl", hash = "sha256:66d559b21d3640203ab9075797a55165d79017520685fb407b9234d72ab63c62", size = 787958, upload-time = "2025-11-03T21:33:03.379Z" },
    { url = "https://files.pythonhosted.org/packages/99/6a/27d072f7fbf6fadd59c64d210305e1ff865cc3b78b526fd147db768c553b/regex-2025.11.3-cp314-cp314-musllinux_1_2_ppc64le.whl", hash = "sha256:669dcfb2e38f9e8c69507bace46f4889e3abbfd9b0c29719202883c0a603598f", size = 859289, upload-time = "2025-11-03T21:33:05.374Z" },
    { url = "https://files.pythonhosted.org/packages/9a/70/1b3878f648e0b6abe023172dacb02157e685564853cc363d9961bcccde4e/regex-2025.11.3-cp314-cp314-musllinux_1_2_s390x.whl", hash = "sha256:32f74f35ff0f25a5021373ac61442edcb150731fbaa28286bbc8bb1582c89d02", size = 850026, upload-time = "2025-11-03T21:33:07.131Z" },
    { url = "https://files.pythonhosted.org/packages/dd/d5/68e25559b526b8baab8e66839304ede68ff6727237a47727d240006bd0ff/regex-2025.11.3-cp314-cp314-musllinux_1_2_x86_64.whl", hash = "sha256:e6c7a21dffba883234baefe91bc3388e629779582038f75d2a5be918e250f0ed", size = 789499, upload-time = "2025-11-03T21:33:09.141Z" },
    { url = "https://files.pythonhosted.org/packages/fc/df/43971264857140a350910d4e33df725e8c94dd9dee8d2e4729fa0d63d49e/regex-2025.11.3-cp314-cp314-win32.whl", hash = "sha256:795ea137b1d809eb6836b43748b12634291c0ed55ad50a7d72d21edf1cd565c4", size = 271604, upload-time = "2025-11-03T21:33:10.9Z" },
    { url = "https://files.pythonhosted.org/packages/01/6f/9711b57dc6894a55faf80a4c1b5aa4f8649805cb9c7aef46f7d27e2b9206/regex-2025.11.3-cp314-cp314-win_amd64.whl", hash = "sha256:9f95fbaa0ee1610ec0fc6b26668e9917a582ba80c52cc6d9ada15e30aa9ab9ad", size = 280320, upload-time = "2025-11-03T21:33:12.572Z" },
    { url = "https://files.pythonhosted.org/packages/f1/7e/f6eaa207d4377481f5e1775cdeb5a443b5a59b392d0065f3417d31d80f87/regex-2025.11.3-cp314-cp314-win_arm64.whl", hash = "sha256:dfec44d532be4c07088c3de2876130ff0fbeeacaa89a137decbbb5f665855a0f", size = 273372, upload-time = "2025-11-03T21:33:14.219Z" },
    { url = "https://files.pythonhosted.org/packages/c3/06/49b198550ee0f5e4184271cee87ba4dfd9692c91ec55289e6282f0f86ccf/regex-2025.11.3-cp314-cp314t-macosx_10_13_universal2.whl", hash = "sha256:ba0d8a5d7f04f73ee7d01d974d47c5834f8a1b0224390e4fe7c12a3a92a78ecc", size = 491985, upload-time = "2025-11-03T21:33:16.555Z" },
    { url = "https://files.pythonhosted.org/packages/ce/bf/abdafade008f0b1c9da10d934034cb670432d6cf6cbe38bbb53a1cfd6cf8/regex-2025.11.3-cp314-cp314t-macosx_10_13_x86_64.whl", hash = "sha256:442d86cf1cfe4faabf97db7d901ef58347efd004934da045c745e7b5bd57ac49", size = 292669, upload-time = "2025-11-03T21:33:18.32Z" },
    { url = "https://files.pythonhosted.org/packages/f9/ef/0c357bb8edbd2ad8e273fcb9e1761bc37b8acbc6e1be050bebd6475f19c1/regex-2025.11.3-cp314-cp314t-macosx_11_0_arm64.whl", hash = "sha256:fd0a5e563c756de210bb964789b5abe4f114dacae9104a47e1a649b910361536", size = 291030, upload-time = "2025-11-03T21:33:20.048Z" },
    { url = "https://files.pythonhosted.org/packages/79/06/edbb67257596649b8fb088d6aeacbcb248ac195714b18a65e018bf4c0b50/regex-2025.11.3-cp314-cp314t-manylinux2014_aarch64.manylinux_2_17_aarch64.manylinux_2_28_aarch64.whl", hash = "sha256:bf3490bcbb985a1ae97b2ce9ad1c0f06a852d5b19dde9b07bdf25bf224248c95", size = 807674, upload-time = "2025-11-03T21:33:21.797Z" },
    { url = "https://files.pythonhosted.org/packages/f4/d9/ad4deccfce0ea336296bd087f1a191543bb99ee1c53093dcd4c64d951d00/regex-2025.11.3-cp314-cp314t-manylinux2014_ppc64le.manylinux_2_17_ppc64le.manylinux_2_28_ppc64le.whl", hash = "sha256:3809988f0a8b8c9dcc0f92478d6501fac7200b9ec56aecf0ec21f4a2ec4b6009", size = 873451, upload-time = "2025-11-03T21:33:23.741Z" },
    { url = "https://files.pythonhosted.org/packages/13/75/a55a4724c56ef13e3e04acaab29df26582f6978c000ac9cd6810ad1f341f/regex-2025.11.3-cp314-cp314t-manylinux2014_s390x.manylinux_2_17_s390x.manylinux_2_28_s390x.whl", hash = "sha256:f4ff94e58e84aedb9c9fce66d4ef9f27a190285b451420f297c9a09f2b9abee9", size = 914980, upload-time = "2025-11-03T21:33:25.999Z" },
    { url = "https://files.pythonhosted.org/packages/67/1e/a1657ee15bd9116f70d4a530c736983eed997b361e20ecd8f5ca3759d5c5/regex-2025.11.3-cp314-cp314t-manylinux2014_x86_64.manylinux_2_17_x86_64.manylinux_2_28_x86_64.whl", hash = "sha256:7eb542fd347ce61e1321b0a6b945d5701528dca0cd9759c2e3bb8bd57e47964d", size = 812852, upload-time = "2025-11-03T21:33:27.852Z" },
    { url = "https://files.pythonhosted.org/packages/b8/6f/f7516dde5506a588a561d296b2d0044839de06035bb486b326065b4c101e/regex-2025.11.3-cp314-cp314t-musllinux_1_2_aarch64.whl", hash = "sha256:d6c2d5919075a1f2e413c00b056ea0c2f065b3f5fe83c3d07d325ab92dce51d6", size = 795566, upload-time = "2025-11-03T21:33:32.364Z" },
    { url = "https://files.pythonhosted.org/packages/d9/dd/3d10b9e170cc16fb34cb2cef91513cf3df65f440b3366030631b2984a264/regex-2025.11.3-cp314-cp314t-musllinux_1_2_ppc64le.whl", hash = "sha256:3f8bf11a4827cc7ce5a53d4ef6cddd5ad25595d3c1435ef08f76825851343154", size = 868463, upload-time = "2025-11-03T21:33:34.459Z" },
    { url = "https://files.pythonhosted.org/packages/f5/8e/935e6beff1695aa9085ff83195daccd72acc82c81793df480f34569330de/regex-2025.11.3-cp314-cp314t-musllinux_1_2_s390x.whl", hash = "sha256:22c12d837298651e5550ac1d964e4ff57c3f56965fc1812c90c9fb2028eaf267", size = 854694, upload-time = "2025-11-03T21:33:36.793Z" },
    { url = "https://files.pythonhosted.org/packages/92/12/10650181a040978b2f5720a6a74d44f841371a3d984c2083fc1752e4acf6/regex-2025.11.3-cp314-cp314t-musllinux_1_2_x86_64.whl", hash = "sha256:62ba394a3dda9ad41c7c780f60f6e4a70988741415ae96f6d1bf6c239cf01379", size = 799691, upload-time = "2025-11-03T21:33:39.079Z" },
    { url = "https://files.pythonhosted.org/packages/67/90/8f37138181c9a7690e7e4cb388debbd389342db3c7381d636d2875940752/regex-2025.11.3-cp314-cp314t-win32.whl", hash = "sha256:4bf146dca15cdd53224a1bf46d628bd7590e4a07fbb69e720d561aea43a32b38", size = 274583, upload-time = "2025-11-03T21:33:41.302Z" },
    { url = "https://files.pythonhosted.org/packages/8f/cd/867f5ec442d56beb56f5f854f40abcfc75e11d10b11fdb1869dd39c63aaf/regex-2025.11.3-cp314-cp314t-win_amd64.whl", hash = "sha256:adad1a1bcf1c9e76346e091d22d23ac54ef28e1365117d99521631078dfec9de", size = 284286, upload-time = "2025-11-03T21:33:43.324Z" },
    { url = "https://files.pythonhosted.org/packages/20/31/32c0c4610cbc070362bf1d2e4ea86d1ea29014d400a6d6c2486fcfd57766/regex-2025.11.3-cp314-cp314t-win_arm64.whl", hash = "sha256:c54f768482cef41e219720013cd05933b6f971d9562544d691c68699bf2b6801", size = 274741, upload-time = "2025-11-03T21:33:45.557Z" },
]

[[package]]
name = "six"
version = "1.17.0"
source = { registry = "https://pypi.org/simple" }
sdist = { url = "https://files.pythonhosted.org/packages/94/e7/b2c673351809dca68a0e064b6af791aa332cf192da575fd474ed7d6f16a2/six-1.17.0.tar.gz", hash = "sha256:ff70335d468e7eb6ec65b95b99d3a2836546063f63acc5171de367e834932a81", size = 34031, upload-time = "2024-12-04T17:35:28.174Z" }
wheels = [
    { url = "https://files.pythonhosted.org/packages/b7/ce/149a00dd41f10bc29e5921b496af8b574d8413afcd5e30dfa0ed46c2cc5e/six-1.17.0-py2.py3-none-any.whl", hash = "sha256:4721f391ed90541fddacab5acf947aa0d3dc7d27b2e1e8eda2be8970586c3274", size = 11050, upload-time = "2024-12-04T17:35:26.475Z" },
]

[[package]]
name = "sqlparse"
version = "0.5.3"
source = { registry = "https://pypi.org/simple" }
sdist = { url = "https://files.pythonhosted.org/packages/e5/40/edede8dd6977b0d3da179a342c198ed100dd2aba4be081861ee5911e4da4/sqlparse-0.5.3.tar.gz", hash = "sha256:09f67787f56a0b16ecdbde1bfc7f5d9c3371ca683cfeaa8e6ff60b4807ec9272", size = 84999, upload-time = "2024-12-10T12:05:30.728Z" }
wheels = [
    { url = "https://files.pythonhosted.org/packages/a9/5c/bfd6bd0bf979426d405cc6e71eceb8701b148b16c21d2dc3c261efc61c7b/sqlparse-0.5.3-py3-none-any.whl", hash = "sha256:cf2196ed3418f3ba5de6af7e82c694a9fbdbfecccdfc72e281548517081f16ca", size = 44415, upload-time = "2024-12-10T12:05:27.824Z" },
]

[[package]]
name = "tqdm"
version = "4.67.1"
source = { registry = "https://pypi.org/simple" }
dependencies = [
    { name = "colorama", marker = "sys_platform == 'win32'" },
]
sdist = { url = "https://files.pythonhosted.org/packages/a8/4b/29b4ef32e036bb34e4ab51796dd745cdba7ed47ad142a9f4a1eb8e0c744d/tqdm-4.67.1.tar.gz", hash = "sha256:f8aef9c52c08c13a65f30ea34f4e5aac3fd1a34959879d7e59e63027286627f2", size = 169737, upload-time = "2024-11-24T20:12:22.481Z" }
wheels = [
    { url = "https://files.pythonhosted.org/packages/d0/30/dc54f88dd4a2b5dc8a0279bdd7270e735851848b762aeb1c1184ed1f6b14/tqdm-4.67.1-py3-none-any.whl", hash = "sha256:26445eca388f82e72884e0d580d5464cd801a3ea01e63e5601bdff9ba6a48de2", size = 78540, upload-time = "2024-11-24T20:12:19.698Z" },
]

[[package]]
name = "tzdata"
version = "2025.2"
source = { registry = "https://pypi.org/simple" }
sdist = { url = "https://files.pythonhosted.org/packages/95/32/1a225d6164441be760d75c2c42e2780dc0873fe382da3e98a2e1e48361e5/tzdata-2025.2.tar.gz", hash = "sha256:b60a638fcc0daffadf82fe0f57e53d06bdec2f36c4df66280ae79bce6bd6f2b9", size = 196380, upload-time = "2025-03-23T13:54:43.652Z" }
wheels = [
    { url = "https://files.pythonhosted.org/packages/5c/23/c7abc0ca0a1526a0774eca151daeb8de62ec457e77262b66b359c3c7679e/tzdata-2025.2-py2.py3-none-any.whl", hash = "sha256:1a403fada01ff9221ca8044d701868fa132215d84beb92242d9acd2147f667a8", size = 347839, upload-time = "2025-03-23T13:54:41.845Z" },
]
